// !$*UTF8*$!
{
	archiveVersion = 1;
	classes = {
	};
	objectVersion = 46;
	objects = {

/* Begin PBXBuildFile section */
		2775080813F15916001DCE91 /* Cocoa.framework in Frameworks */ = {isa = PBXBuildFile; fileRef = 2775080713F15916001DCE91 /* Cocoa.framework */; };
		2775081213F15917001DCE91 /* InfoPlist.strings in Resources */ = {isa = PBXBuildFile; fileRef = 2775081013F15917001DCE91 /* InfoPlist.strings */; };
		2775081413F15917001DCE91 /* main.m in Sources */ = {isa = PBXBuildFile; fileRef = 2775081313F15917001DCE91 /* main.m */; };
		2775081813F15917001DCE91 /* Credits.rtf in Resources */ = {isa = PBXBuildFile; fileRef = 2775081613F15917001DCE91 /* Credits.rtf */; };
		2775081B13F15917001DCE91 /* CursorInspectorAppDelegate.m in Sources */ = {isa = PBXBuildFile; fileRef = 2775081A13F15917001DCE91 /* CursorInspectorAppDelegate.m */; };
		2775081E13F15918001DCE91 /* MainMenu.xib in Resources */ = {isa = PBXBuildFile; fileRef = 2775081C13F15918001DCE91 /* MainMenu.xib */; };
		2775082913F15BB8001DCE91 /* NMCursorUtils.m in Sources */ = {isa = PBXBuildFile; fileRef = 2775082613F15BB8001DCE91 /* NMCursorUtils.m */; };
		2775082A13F15BB8001DCE91 /* NMSuperFastHash.c in Sources */ = {isa = PBXBuildFile; fileRef = 2775082713F15BB8001DCE91 /* NMSuperFastHash.c */; };
/* End PBXBuildFile section */

/* Begin PBXFileReference section */
		2775080313F15916001DCE91 /* CursorInspector.app */ = {isa = PBXFileReference; explicitFileType = wrapper.application; includeInIndex = 0; path = CursorInspector.app; sourceTree = BUILT_PRODUCTS_DIR; };
		2775080713F15916001DCE91 /* Cocoa.framework */ = {isa = PBXFileReference; lastKnownFileType = wrapper.framework; name = Cocoa.framework; path = System/Library/Frameworks/Cocoa.framework; sourceTree = SDKROOT; };
		2775080A13F15916001DCE91 /* AppKit.framework */ = {isa = PBXFileReference; lastKnownFileType = wrapper.framework; name = AppKit.framework; path = System/Library/Frameworks/AppKit.framework; sourceTree = SDKROOT; };
		2775080B13F15916001DCE91 /* CoreData.framework */ = {isa = PBXFileReference; lastKnownFileType = wrapper.framework; name = CoreData.framework; path = System/Library/Frameworks/CoreData.framework; sourceTree = SDKROOT; };
		2775080C13F15916001DCE91 /* Foundation.framework */ = {isa = PBXFileReference; lastKnownFileType = wrapper.framework; name = Foundation.framework; path = System/Library/Frameworks/Foundation.framework; sourceTree = SDKROOT; };
		2775080F13F15917001DCE91 /* CursorInspector-Info.plist */ = {isa = PBXFileReference; lastKnownFileType = text.plist.xml; path = "CursorInspector-Info.plist"; sourceTree = "<group>"; };
		2775081113F15917001DCE91 /* en */ = {isa = PBXFileReference; lastKnownFileType = text.plist.strings; name = en; path = en.lproj/InfoPlist.strings; sourceTree = "<group>"; };
		2775081313F15917001DCE91 /* main.m */ = {isa = PBXFileReference; lastKnownFileType = sourcecode.c.objc; path = main.m; sourceTree = "<group>"; };
		2775081513F15917001DCE91 /* CursorInspector-Prefix.pch */ = {isa = PBXFileReference; lastKnownFileType = sourcecode.c.h; path = "CursorInspector-Prefix.pch"; sourceTree = "<group>"; };
		2775081713F15917001DCE91 /* en */ = {isa = PBXFileReference; lastKnownFileType = text.rtf; name = en; path = en.lproj/Credits.rtf; sourceTree = "<group>"; };
		2775081913F15917001DCE91 /* CursorInspectorAppDelegate.h */ = {isa = PBXFileReference; lastKnownFileType = sourcecode.c.h; path = CursorInspectorAppDelegate.h; sourceTree = "<group>"; };
		2775081A13F15917001DCE91 /* CursorInspectorAppDelegate.m */ = {isa = PBXFileReference; lastKnownFileType = sourcecode.c.objc; path = CursorInspectorAppDelegate.m; sourceTree = "<group>"; };
		2775081D13F15918001DCE91 /* en */ = {isa = PBXFileReference; lastKnownFileType = file.xib; name = en; path = en.lproj/MainMenu.xib; sourceTree = "<group>"; };
		2775082413F15924001DCE91 /* CursorInspector.entitlements */ = {isa = PBXFileReference; lastKnownFileType = text.xml; path = CursorInspector.entitlements; sourceTree = "<group>"; };
		2775082513F15BB8001DCE91 /* NMCursorUtils.h */ = {isa = PBXFileReference; fileEncoding = 4; lastKnownFileType = sourcecode.c.h; name = NMCursorUtils.h; path = NMKit/NMKit/NMCursorUtils.h; sourceTree = SOURCE_ROOT; };
		2775082613F15BB8001DCE91 /* NMCursorUtils.m */ = {isa = PBXFileReference; fileEncoding = 4; lastKnownFileType = sourcecode.c.objc; name = NMCursorUtils.m; path = NMKit/NMKit/NMCursorUtils.m; sourceTree = SOURCE_ROOT; };
		2775082713F15BB8001DCE91 /* NMSuperFastHash.c */ = {isa = PBXFileReference; fileEncoding = 4; lastKnownFileType = sourcecode.c.c; name = NMSuperFastHash.c; path = NMKit/NMKit/NMSuperFastHash.c; sourceTree = SOURCE_ROOT; };
		2775082813F15BB8001DCE91 /* NMSuperFastHash.h */ = {isa = PBXFileReference; fileEncoding = 4; lastKnownFileType = sourcecode.c.h; name = NMSuperFastHash.h; path = NMKit/NMKit/NMSuperFastHash.h; sourceTree = SOURCE_ROOT; };
/* End PBXFileReference section */

/* Begin PBXFrameworksBuildPhase section */
		2775080013F15916001DCE91 /* Frameworks */ = {
			isa = PBXFrameworksBuildPhase;
			buildActionMask = 2147483647;
			files = (
				2775080813F15916001DCE91 /* Cocoa.framework in Frameworks */,
			);
			runOnlyForDeploymentPostprocessing = 0;
		};
/* End PBXFrameworksBuildPhase section */

/* Begin PBXGroup section */
		277507F813F15916001DCE91 = {
			isa = PBXGroup;
			children = (
				2775080D13F15916001DCE91 /* CursorInspector */,
				2775080613F15916001DCE91 /* Frameworks */,
				2775080413F15916001DCE91 /* Products */,
			);
			sourceTree = "<group>";
		};
		2775080413F15916001DCE91 /* Products */ = {
			isa = PBXGroup;
			children = (
				2775080313F15916001DCE91 /* CursorInspector.app */,
			);
			name = Products;
			sourceTree = "<group>";
		};
		2775080613F15916001DCE91 /* Frameworks */ = {
			isa = PBXGroup;
			children = (
				2775080713F15916001DCE91 /* Cocoa.framework */,
				2775080913F15916001DCE91 /* Other Frameworks */,
			);
			name = Frameworks;
			sourceTree = "<group>";
		};
		2775080913F15916001DCE91 /* Other Frameworks */ = {
			isa = PBXGroup;
			children = (
				2775080A13F15916001DCE91 /* AppKit.framework */,
				2775080B13F15916001DCE91 /* CoreData.framework */,
				2775080C13F15916001DCE91 /* Foundation.framework */,
			);
			name = "Other Frameworks";
			sourceTree = "<group>";
		};
		2775080D13F15916001DCE91 /* CursorInspector */ = {
			isa = PBXGroup;
			children = (
				2775082513F15BB8001DCE91 /* NMCursorUtils.h */,
				2775082613F15BB8001DCE91 /* NMCursorUtils.m */,
				2775082713F15BB8001DCE91 /* NMSuperFastHash.c */,
				2775082813F15BB8001DCE91 /* NMSuperFastHash.h */,
				2775082413F15924001DCE91 /* CursorInspector.entitlements */,
				2775081913F15917001DCE91 /* CursorInspectorAppDelegate.h */,
				2775081A13F15917001DCE91 /* CursorInspectorAppDelegate.m */,
				2775081C13F15918001DCE91 /* MainMenu.xib */,
				2775080E13F15916001DCE91 /* Supporting Files */,
			);
			path = CursorInspector;
			sourceTree = "<group>";
		};
		2775080E13F15916001DCE91 /* Supporting Files */ = {
			isa = PBXGroup;
			children = (
				2775080F13F15917001DCE91 /* CursorInspector-Info.plist */,
				2775081013F15917001DCE91 /* InfoPlist.strings */,
				2775081313F15917001DCE91 /* main.m */,
				2775081513F15917001DCE91 /* CursorInspector-Prefix.pch */,
				2775081613F15917001DCE91 /* Credits.rtf */,
			);
			name = "Supporting Files";
			sourceTree = "<group>";
		};
/* End PBXGroup section */

/* Begin PBXNativeTarget section */
		2775080213F15916001DCE91 /* CursorInspector */ = {
			isa = PBXNativeTarget;
			buildConfigurationList = 2775082113F15918001DCE91 /* Build configuration list for PBXNativeTarget "CursorInspector" */;
			buildPhases = (
				277507FF13F15916001DCE91 /* Sources */,
				2775080013F15916001DCE91 /* Frameworks */,
				2775080113F15916001DCE91 /* Resources */,
			);
			buildRules = (
			);
			dependencies = (
			);
			name = CursorInspector;
			productName = CursorInspector;
			productReference = 2775080313F15916001DCE91 /* CursorInspector.app */;
			productType = "com.apple.product-type.application";
		};
/* End PBXNativeTarget section */

/* Begin PBXProject section */
		277507FA13F15916001DCE91 /* Project object */ = {
			isa = PBXProject;
			buildConfigurationList = 277507FD13F15916001DCE91 /* Build configuration list for PBXProject "CursorInspector" */;
			compatibilityVersion = "Xcode 3.2";
			developmentRegion = English;
			hasScannedForEncodings = 0;
			knownRegions = (
				en,
			);
			mainGroup = 277507F813F15916001DCE91;
			productRefGroup = 2775080413F15916001DCE91 /* Products */;
			projectDirPath = "";
			projectRoot = "";
			targets = (
				2775080213F15916001DCE91 /* CursorInspector */,
			);
		};
/* End PBXProject section */

/* Begin PBXResourcesBuildPhase section */
		2775080113F15916001DCE91 /* Resources */ = {
			isa = PBXResourcesBuildPhase;
			buildActionMask = 2147483647;
			files = (
				2775081213F15917001DCE91 /* InfoPlist.strings in Resources */,
				2775081813F15917001DCE91 /* Credits.rtf in Resources */,
				2775081E13F15918001DCE91 /* MainMenu.xib in Resources */,
			);
			runOnlyForDeploymentPostprocessing = 0;
		};
/* End PBXResourcesBuildPhase section */

/* Begin PBXSourcesBuildPhase section */
		277507FF13F15916001DCE91 /* Sources */ = {
			isa = PBXSourcesBuildPhase;
			buildActionMask = 2147483647;
			files = (
				2775081413F15917001DCE91 /* main.m in Sources */,
				2775081B13F15917001DCE91 /* CursorInspectorAppDelegate.m in Sources */,
				2775082913F15BB8001DCE91 /* NMCursorUtils.m in Sources */,
				2775082A13F15BB8001DCE91 /* NMSuperFastHash.c in Sources */,
			);
			runOnlyForDeploymentPostprocessing = 0;
		};
/* End PBXSourcesBuildPhase section */

/* Begin PBXVariantGroup section */
		2775081013F15917001DCE91 /* InfoPlist.strings */ = {
			isa = PBXVariantGroup;
			children = (
				2775081113F15917001DCE91 /* en */,
			);
			name = InfoPlist.strings;
			sourceTree = "<group>";
		};
		2775081613F15917001DCE91 /* Credits.rtf */ = {
			isa = PBXVariantGroup;
			children = (
				2775081713F15917001DCE91 /* en */,
			);
			name = Credits.rtf;
			sourceTree = "<group>";
		};
		2775081C13F15918001DCE91 /* MainMenu.xib */ = {
			isa = PBXVariantGroup;
			children = (
				2775081D13F15918001DCE91 /* en */,
			);
			name = MainMenu.xib;
			sourceTree = "<group>";
		};
/* End PBXVariantGroup section */

/* Begin XCBuildConfiguration section */
		2775081F13F15918001DCE91 /* Debug */ = {
			isa = XCBuildConfiguration;
			buildSettings = {
				ALWAYS_SEARCH_USER_PATHS = NO;
				ARCHS = "$(ARCHS_STANDARD_64_BIT)";
				COPY_PHASE_STRIP = NO;
				GCC_C_LANGUAGE_STANDARD = gnu99;
				GCC_DYNAMIC_NO_PIC = NO;
				GCC_ENABLE_OBJC_EXCEPTIONS = YES;
				GCC_OPTIMIZATION_LEVEL = 0;
				GCC_PREPROCESSOR_DEFINITIONS = (
					"DEBUG=1",
					"$(inherited)",
				);
				GCC_SYMBOLS_PRIVATE_EXTERN = NO;
				GCC_VERSION = com.apple.compilers.llvm.clang.1_0;
				GCC_WARN_64_TO_32_BIT_CONVERSION = YES;
				GCC_WARN_ABOUT_MISSING_PROTOTYPES = YES;
				GCC_WARN_ABOUT_RETURN_TYPE = YES;
				GCC_WARN_UNUSED_VARIABLE = YES;
				MACOSX_DEPLOYMENT_TARGET = 10.7;
				ONLY_ACTIVE_ARCH = YES;
				SDKROOT = macosx;
			};
			name = Debug;
		};
		2775082013F15918001DCE91 /* Release */ = {
			isa = XCBuildConfiguration;
			buildSettings = {
				ALWAYS_SEARCH_USER_PATHS = NO;
				ARCHS = "$(ARCHS_STANDARD_64_BIT)";
				COPY_PHASE_STRIP = YES;
				DEBUG_INFORMATION_FORMAT = "dwarf-with-dsym";
				GCC_C_LANGUAGE_STANDARD = gnu99;
				GCC_ENABLE_OBJC_EXCEPTIONS = YES;
				GCC_VERSION = com.apple.compilers.llvm.clang.1_0;
				GCC_WARN_64_TO_32_BIT_CONVERSION = YES;
				GCC_WARN_ABOUT_MISSING_PROTOTYPES = YES;
				GCC_WARN_ABOUT_RETURN_TYPE = YES;
				GCC_WARN_UNUSED_VARIABLE = YES;
				MACOSX_DEPLOYMENT_TARGET = 10.7;
				SDKROOT = macosx;
			};
			name = Release;
		};
		2775082213F15918001DCE91 /* Debug */ = {
			isa = XCBuildConfiguration;
			buildSettings = {
				CODE_SIGN_IDENTITY = "";
				GCC_PRECOMPILE_PREFIX_HEADER = YES;
				GCC_PREFIX_HEADER = "CursorInspector/CursorInspector-Prefix.pch";
				INFOPLIST_FILE = "CursorInspector/CursorInspector-Info.plist";
				PRODUCT_NAME = "$(TARGET_NAME)";
				WRAPPER_EXTENSION = app;
			};
			name = Debug;
		};
		2775082313F15918001DCE91 /* Release */ = {
			isa = XCBuildConfiguration;
			buildSettings = {
				CODE_SIGN_IDENTITY = "";
				GCC_PRECOMPILE_PREFIX_HEADER = YES;
				GCC_PREFIX_HEADER = "CursorInspector/CursorInspector-Prefix.pch";
				INFOPLIST_FILE = "CursorInspector/CursorInspector-Info.plist";
				PRODUCT_NAME = "$(TARGET_NAME)";
				WRAPPER_EXTENSION = app;
			};
			name = Release;
		};
/* End XCBuildConfiguration section */

/* Begin XCConfigurationList section */
		277507FD13F15916001DCE91 /* Build configuration list for PBXProject "CursorInspector" */ = {
			isa = XCConfigurationList;
			buildConfigurations = (
				2775081F13F15918001DCE91 /* Debug */,
				2775082013F15918001DCE91 /* Release */,
			);
			defaultConfigurationIsVisible = 0;
			defaultConfigurationName = Release;
		};
		2775082113F15918001DCE91 /* Build configuration list for PBXNativeTarget "CursorInspector" */ = {
			isa = XCConfigurationList;
			buildConfigurations = (
				2775082213F15918001DCE91 /* Debug */,
				2775082313F15918001DCE91 /* Release */,
			);
			defaultConfigurationIsVisible = 0;
		};
/* End XCConfigurationList section */
	};
	rootObject = 277507FA13F15916001DCE91 /* Project object */;
}
